// !$*UTF8*$!
{
	archiveVersion = 1;
	classes = {
	};
	objectVersion = 56;
	objects = {

/* Begin PBXBuildFile section */
		FBE0CB242D6F7B1B00FA5FAF /* Agenda_ShuffleApp.swift in Sources */ = {isa = PBXBuildFile; fileRef = FBE0CB232D6F7B1B00FA5FAF /* Agenda_ShuffleApp.swift */; };
		FBE0CB282D6F7B1C00FA5FAF /* Assets.xcassets in Resources */ = {isa = PBXBuildFile; fileRef = FBE0CB272D6F7B1C00FA5FAF /* Assets.xcassets */; };
		FBE0CB2B2D6F7B1C00FA5FAF /* Preview Assets.xcassets in Resources */ = {isa = PBXBuildFile; fileRef = FBE0CB2A2D6F7B1C00FA5FAF /* Preview Assets.xcassets */; };
		FBE0CB352D6F7B1C00FA5FAF /* Agenda_ShuffleTests.swift in Sources */ = {isa = PBXBuildFile; fileRef = FBE0CB342D6F7B1C00FA5FAF /* Agenda_ShuffleTests.swift */; };
		FBE0CB3F2D6F7B1C00FA5FAF /* Agenda_ShuffleUITests.swift in Sources */ = {isa = PBXBuildFile; fileRef = FBE0CB3E2D6F7B1C00FA5FAF /* Agenda_ShuffleUITests.swift */; };
		FBE0CB412D6F7B1C00FA5FAF /* Agenda_ShuffleUITestsLaunchTests.swift in Sources */ = {isa = PBXBuildFile; fileRef = FBE0CB402D6F7B1C00FA5FAF /* Agenda_ShuffleUITestsLaunchTests.swift */; };
		FBE0CB4E2D6F7C1700FA5FAF /* PantallaAgenda.swift in Sources */ = {isa = PBXBuildFile; fileRef = FBE0CB4D2D6F7C1700FA5FAF /* PantallaAgenda.swift */; };
		FBE0CB512D6F7FC200FA5FAF /* contacto_prevista.swift in Sources */ = {isa = PBXBuildFile; fileRef = FBE0CB502D6F7FC200FA5FAF /* contacto_prevista.swift */; };
		FBE0CB542D6F872400FA5FAF /* contacto_agenda.swift in Sources */ = {isa = PBXBuildFile; fileRef = FBE0CB532D6F872400FA5FAF /* contacto_agenda.swift */; };
/* End PBXBuildFile section */

/* Begin PBXContainerItemProxy section */
		FBE0CB312D6F7B1C00FA5FAF /* PBXContainerItemProxy */ = {
			isa = PBXContainerItemProxy;
			containerPortal = FBE0CB182D6F7B1B00FA5FAF /* Project object */;
			proxyType = 1;
			remoteGlobalIDString = FBE0CB1F2D6F7B1B00FA5FAF;
			remoteInfo = "Agenda Shuffle";
		};
		FBE0CB3B2D6F7B1C00FA5FAF /* PBXContainerItemProxy */ = {
			isa = PBXContainerItemProxy;
			containerPortal = FBE0CB182D6F7B1B00FA5FAF /* Project object */;
			proxyType = 1;
			remoteGlobalIDString = FBE0CB1F2D6F7B1B00FA5FAF;
			remoteInfo = "Agenda Shuffle";
		};
/* End PBXContainerItemProxy section */

/* Begin PBXFileReference section */
		FBE0CB202D6F7B1B00FA5FAF /* Agenda Shuffle.app */ = {isa = PBXFileReference; explicitFileType = wrapper.application; includeInIndex = 0; path = "Agenda Shuffle.app"; sourceTree = BUILT_PRODUCTS_DIR; };
		FBE0CB232D6F7B1B00FA5FAF /* Agenda_ShuffleApp.swift */ = {isa = PBXFileReference; lastKnownFileType = sourcecode.swift; path = Agenda_ShuffleApp.swift; sourceTree = "<group>"; };
		FBE0CB272D6F7B1C00FA5FAF /* Assets.xcassets */ = {isa = PBXFileReference; lastKnownFileType = folder.assetcatalog; path = Assets.xcassets; sourceTree = "<group>"; };
		FBE0CB2A2D6F7B1C00FA5FAF /* Preview Assets.xcassets */ = {isa = PBXFileReference; lastKnownFileType = folder.assetcatalog; path = "Preview Assets.xcassets"; sourceTree = "<group>"; };
		FBE0CB302D6F7B1C00FA5FAF /* Agenda ShuffleTests.xctest */ = {isa = PBXFileReference; explicitFileType = wrapper.cfbundle; includeInIndex = 0; path = "Agenda ShuffleTests.xctest"; sourceTree = BUILT_PRODUCTS_DIR; };
		FBE0CB342D6F7B1C00FA5FAF /* Agenda_ShuffleTests.swift */ = {isa = PBXFileReference; lastKnownFileType = sourcecode.swift; path = Agenda_ShuffleTests.swift; sourceTree = "<group>"; };
		FBE0CB3A2D6F7B1C00FA5FAF /* Agenda ShuffleUITests.xctest */ = {isa = PBXFileReference; explicitFileType = wrapper.cfbundle; includeInIndex = 0; path = "Agenda ShuffleUITests.xctest"; sourceTree = BUILT_PRODUCTS_DIR; };
		FBE0CB3E2D6F7B1C00FA5FAF /* Agenda_ShuffleUITests.swift */ = {isa = PBXFileReference; lastKnownFileType = sourcecode.swift; path = Agenda_ShuffleUITests.swift; sourceTree = "<group>"; };
		FBE0CB402D6F7B1C00FA5FAF /* Agenda_ShuffleUITestsLaunchTests.swift */ = {isa = PBXFileReference; lastKnownFileType = sourcecode.swift; path = Agenda_ShuffleUITestsLaunchTests.swift; sourceTree = "<group>"; };
		FBE0CB4D2D6F7C1700FA5FAF /* PantallaAgenda.swift */ = {isa = PBXFileReference; lastKnownFileType = sourcecode.swift; path = PantallaAgenda.swift; sourceTree = "<group>"; };
		FBE0CB502D6F7FC200FA5FAF /* contacto_prevista.swift */ = {isa = PBXFileReference; lastKnownFileType = sourcecode.swift; path = contacto_prevista.swift; sourceTree = "<group>"; };
		FBE0CB532D6F872400FA5FAF /* contacto_agenda.swift */ = {isa = PBXFileReference; lastKnownFileType = sourcecode.swift; path = contacto_agenda.swift; sourceTree = "<group>"; };
/* End PBXFileReference section */

/* Begin PBXFrameworksBuildPhase section */
		FBE0CB1D2D6F7B1B00FA5FAF /* Frameworks */ = {
			isa = PBXFrameworksBuildPhase;
			buildActionMask = 2147483647;
			files = (
			);
			runOnlyForDeploymentPostprocessing = 0;
		};
		FBE0CB2D2D6F7B1C00FA5FAF /* Frameworks */ = {
			isa = PBXFrameworksBuildPhase;
			buildActionMask = 2147483647;
			files = (
			);
			runOnlyForDeploymentPostprocessing = 0;
		};
		FBE0CB372D6F7B1C00FA5FAF /* Frameworks */ = {
			isa = PBXFrameworksBuildPhase;
			buildActionMask = 2147483647;
			files = (
			);
			runOnlyForDeploymentPostprocessing = 0;
		};
/* End PBXFrameworksBuildPhase section */

/* Begin PBXGroup section */
		FBE0CB172D6F7B1B00FA5FAF = {
			isa = PBXGroup;
			children = (
				FBE0CB222D6F7B1B00FA5FAF /* Agenda Shuffle */,
				FBE0CB332D6F7B1C00FA5FAF /* Agenda ShuffleTests */,
				FBE0CB3D2D6F7B1C00FA5FAF /* Agenda ShuffleUITests */,
				FBE0CB212D6F7B1B00FA5FAF /* Products */,
			);
			sourceTree = "<group>";
		};
		FBE0CB212D6F7B1B00FA5FAF /* Products */ = {
			isa = PBXGroup;
			children = (
				FBE0CB202D6F7B1B00FA5FAF /* Agenda Shuffle.app */,
				FBE0CB302D6F7B1C00FA5FAF /* Agenda ShuffleTests.xctest */,
				FBE0CB3A2D6F7B1C00FA5FAF /* Agenda ShuffleUITests.xctest */,
			);
			name = Products;
			sourceTree = "<group>";
		};
		FBE0CB222D6F7B1B00FA5FAF /* Agenda Shuffle */ = {
			isa = PBXGroup;
			children = (
				FBE0CB4F2D6F7F5A00FA5FAF /* componentes */,
				FBE0CB522D6F86F200FA5FAF /* modelos */,
				FBE0CB292D6F7B1C00FA5FAF /* Preview Content */,
				FBE0CB4D2D6F7C1700FA5FAF /* PantallaAgenda.swift */,
				FBE0CB232D6F7B1B00FA5FAF /* Agenda_ShuffleApp.swift */,
				FBE0CB272D6F7B1C00FA5FAF /* Assets.xcassets */,
			);
			path = "Agenda Shuffle";
			sourceTree = "<group>";
		};
		FBE0CB292D6F7B1C00FA5FAF /* Preview Content */ = {
			isa = PBXGroup;
			children = (
				FBE0CB2A2D6F7B1C00FA5FAF /* Preview Assets.xcassets */,
			);
			path = "Preview Content";
			sourceTree = "<group>";
		};
		FBE0CB332D6F7B1C00FA5FAF /* Agenda ShuffleTests */ = {
			isa = PBXGroup;
			children = (
				FBE0CB342D6F7B1C00FA5FAF /* Agenda_ShuffleTests.swift */,
			);
			path = "Agenda ShuffleTests";
			sourceTree = "<group>";
		};
		FBE0CB3D2D6F7B1C00FA5FAF /* Agenda ShuffleUITests */ = {
			isa = PBXGroup;
			children = (
				FBE0CB3E2D6F7B1C00FA5FAF /* Agenda_ShuffleUITests.swift */,
				FBE0CB402D6F7B1C00FA5FAF /* Agenda_ShuffleUITestsLaunchTests.swift */,
			);
			path = "Agenda ShuffleUITests";
			sourceTree = "<group>";
		};
		FBE0CB4F2D6F7F5A00FA5FAF /* componentes */ = {
			isa = PBXGroup;
			children = (
				FBE0CB502D6F7FC200FA5FAF /* contacto_prevista.swift */,
			);
			name = componentes;
			sourceTree = "<group>";
		};
		FBE0CB522D6F86F200FA5FAF /* modelos */ = {
			isa = PBXGroup;
			children = (
				FBE0CB532D6F872400FA5FAF /* contacto_agenda.swift */,
			);
			path = modelos;
			sourceTree = "<group>";
		};
/* End PBXGroup section */

/* Begin PBXNativeTarget section */
		FBE0CB1F2D6F7B1B00FA5FAF /* Agenda Shuffle */ = {
			isa = PBXNativeTarget;
			buildConfigurationList = FBE0CB442D6F7B1C00FA5FAF /* Build configuration list for PBXNativeTarget "Agenda Shuffle" */;
			buildPhases = (
				FBE0CB1C2D6F7B1B00FA5FAF /* Sources */,
				FBE0CB1D2D6F7B1B00FA5FAF /* Frameworks */,
				FBE0CB1E2D6F7B1B00FA5FAF /* Resources */,
			);
			buildRules = (
			);
			dependencies = (
			);
			name = "Agenda Shuffle";
			productName = "Agenda Shuffle";
			productReference = FBE0CB202D6F7B1B00FA5FAF /* Agenda Shuffle.app */;
			productType = "com.apple.product-type.application";
		};
		FBE0CB2F2D6F7B1C00FA5FAF /* Agenda ShuffleTests */ = {
			isa = PBXNativeTarget;
			buildConfigurationList = FBE0CB472D6F7B1C00FA5FAF /* Build configuration list for PBXNativeTarget "Agenda ShuffleTests" */;
			buildPhases = (
				FBE0CB2C2D6F7B1C00FA5FAF /* Sources */,
				FBE0CB2D2D6F7B1C00FA5FAF /* Frameworks */,
				FBE0CB2E2D6F7B1C00FA5FAF /* Resources */,
			);
			buildRules = (
			);
			dependencies = (
				FBE0CB322D6F7B1C00FA5FAF /* PBXTargetDependency */,
			);
			name = "Agenda ShuffleTests";
			productName = "Agenda ShuffleTests";
			productReference = FBE0CB302D6F7B1C00FA5FAF /* Agenda ShuffleTests.xctest */;
			productType = "com.apple.product-type.bundle.unit-test";
		};
		FBE0CB392D6F7B1C00FA5FAF /* Agenda ShuffleUITests */ = {
			isa = PBXNativeTarget;
			buildConfigurationList = FBE0CB4A2D6F7B1C00FA5FAF /* Build configuration list for PBXNativeTarget "Agenda ShuffleUITests" */;
			buildPhases = (
				FBE0CB362D6F7B1C00FA5FAF /* Sources */,
				FBE0CB372D6F7B1C00FA5FAF /* Frameworks */,
				FBE0CB382D6F7B1C00FA5FAF /* Resources */,
			);
			buildRules = (
			);
			dependencies = (
				FBE0CB3C2D6F7B1C00FA5FAF /* PBXTargetDependency */,
			);
			name = "Agenda ShuffleUITests";
			productName = "Agenda ShuffleUITests";
			productReference = FBE0CB3A2D6F7B1C00FA5FAF /* Agenda ShuffleUITests.xctest */;
			productType = "com.apple.product-type.bundle.ui-testing";
		};
/* End PBXNativeTarget section */

/* Begin PBXProject section */
		FBE0CB182D6F7B1B00FA5FAF /* Project object */ = {
			isa = PBXProject;
			attributes = {
				BuildIndependentTargetsInParallel = 1;
				LastSwiftUpdateCheck = 1540;
				LastUpgradeCheck = 1540;
				TargetAttributes = {
					FBE0CB1F2D6F7B1B00FA5FAF = {
						CreatedOnToolsVersion = 15.4;
					};
					FBE0CB2F2D6F7B1C00FA5FAF = {
						CreatedOnToolsVersion = 15.4;
						TestTargetID = FBE0CB1F2D6F7B1B00FA5FAF;
					};
					FBE0CB392D6F7B1C00FA5FAF = {
						CreatedOnToolsVersion = 15.4;
						TestTargetID = FBE0CB1F2D6F7B1B00FA5FAF;
					};
				};
			};
			buildConfigurationList = FBE0CB1B2D6F7B1B00FA5FAF /* Build configuration list for PBXProject "Agenda Shuffle" */;
			compatibilityVersion = "Xcode 14.0";
			developmentRegion = en;
			hasScannedForEncodings = 0;
			knownRegions = (
				en,
				Base,
			);
			mainGroup = FBE0CB172D6F7B1B00FA5FAF;
			productRefGroup = FBE0CB212D6F7B1B00FA5FAF /* Products */;
			projectDirPath = "";
			projectRoot = "";
			targets = (
				FBE0CB1F2D6F7B1B00FA5FAF /* Agenda Shuffle */,
				FBE0CB2F2D6F7B1C00FA5FAF /* Agenda ShuffleTests */,
				FBE0CB392D6F7B1C00FA5FAF /* Agenda ShuffleUITests */,
			);
		};
/* End PBXProject section */

/* Begin PBXResourcesBuildPhase section */
		FBE0CB1E2D6F7B1B00FA5FAF /* Resources */ = {
			isa = PBXResourcesBuildPhase;
			buildActionMask = 2147483647;
			files = (
				FBE0CB2B2D6F7B1C00FA5FAF /* Preview Assets.xcassets in Resources */,
				FBE0CB282D6F7B1C00FA5FAF /* Assets.xcassets in Resources */,
			);
			runOnlyForDeploymentPostprocessing = 0;
		};
		FBE0CB2E2D6F7B1C00FA5FAF /* Resources */ = {
			isa = PBXResourcesBuildPhase;
			buildActionMask = 2147483647;
			files = (
			);
			runOnlyForDeploymentPostprocessing = 0;
		};
		FBE0CB382D6F7B1C00FA5FAF /* Resources */ = {
			isa = PBXResourcesBuildPhase;
			buildActionMask = 2147483647;
			files = (
			);
			runOnlyForDeploymentPostprocessing = 0;
		};
/* End PBXResourcesBuildPhase section */

/* Begin PBXSourcesBuildPhase section */
		FBE0CB1C2D6F7B1B00FA5FAF /* Sources */ = {
			isa = PBXSourcesBuildPhase;
			buildActionMask = 2147483647;
			files = (
				FBE0CB4E2D6F7C1700FA5FAF /* PantallaAgenda.swift in Sources */,
				FBE0CB512D6F7FC200FA5FAF /* contacto_prevista.swift in Sources */,
				FBE0CB542D6F872400FA5FAF /* contacto_agenda.swift in Sources */,
				FBE0CB242D6F7B1B00FA5FAF /* Agenda_ShuffleApp.swift in Sources */,
			);
			runOnlyForDeploymentPostprocessing = 0;
		};
		FBE0CB2C2D6F7B1C00FA5FAF /* Sources */ = {
			isa = PBXSourcesBuildPhase;
			buildActionMask = 2147483647;
			files = (
				FBE0CB352D6F7B1C00FA5FAF /* Agenda_ShuffleTests.swift in Sources */,
			);
			runOnlyForDeploymentPostprocessing = 0;
		};
		FBE0CB362D6F7B1C00FA5FAF /* Sources */ = {
			isa = PBXSourcesBuildPhase;
			buildActionMask = 2147483647;
			files = (
				FBE0CB412D6F7B1C00FA5FAF /* Agenda_ShuffleUITestsLaunchTests.swift in Sources */,
				FBE0CB3F2D6F7B1C00FA5FAF /* Agenda_ShuffleUITests.swift in Sources */,
			);
			runOnlyForDeploymentPostprocessing = 0;
		};
/* End PBXSourcesBuildPhase section */

/* Begin PBXTargetDependency section */
		FBE0CB322D6F7B1C00FA5FAF /* PBXTargetDependency */ = {
			isa = PBXTargetDependency;
			target = FBE0CB1F2D6F7B1B00FA5FAF /* Agenda Shuffle */;
			targetProxy = FBE0CB312D6F7B1C00FA5FAF /* PBXContainerItemProxy */;
		};
		FBE0CB3C2D6F7B1C00FA5FAF /* PBXTargetDependency */ = {
			isa = PBXTargetDependency;
			target = FBE0CB1F2D6F7B1B00FA5FAF /* Agenda Shuffle */;
			targetProxy = FBE0CB3B2D6F7B1C00FA5FAF /* PBXContainerItemProxy */;
		};
/* End PBXTargetDependency section */

/* Begin XCBuildConfiguration section */
		FBE0CB422D6F7B1C00FA5FAF /* Debug */ = {
			isa = XCBuildConfiguration;
			buildSettings = {
				ALWAYS_SEARCH_USER_PATHS = NO;
				ASSETCATALOG_COMPILER_GENERATE_SWIFT_ASSET_SYMBOL_EXTENSIONS = YES;
				CLANG_ANALYZER_NONNULL = YES;
				CLANG_ANALYZER_NUMBER_OBJECT_CONVERSION = YES_AGGRESSIVE;
				CLANG_CXX_LANGUAGE_STANDARD = "gnu++20";
				CLANG_ENABLE_MODULES = YES;
				CLANG_ENABLE_OBJC_ARC = YES;
				CLANG_ENABLE_OBJC_WEAK = YES;
				CLANG_WARN_BLOCK_CAPTURE_AUTORELEASING = YES;
				CLANG_WARN_BOOL_CONVERSION = YES;
				CLANG_WARN_COMMA = YES;
				CLANG_WARN_CONSTANT_CONVERSION = YES;
				CLANG_WARN_DEPRECATED_OBJC_IMPLEMENTATIONS = YES;
				CLANG_WARN_DIRECT_OBJC_ISA_USAGE = YES_ERROR;
				CLANG_WARN_DOCUMENTATION_COMMENTS = YES;
				CLANG_WARN_EMPTY_BODY = YES;
				CLANG_WARN_ENUM_CONVERSION = YES;
				CLANG_WARN_INFINITE_RECURSION = YES;
				CLANG_WARN_INT_CONVERSION = YES;
				CLANG_WARN_NON_LITERAL_NULL_CONVERSION = YES;
				CLANG_WARN_OBJC_IMPLICIT_RETAIN_SELF = YES;
				CLANG_WARN_OBJC_LITERAL_CONVERSION = YES;
				CLANG_WARN_OBJC_ROOT_CLASS = YES_ERROR;
				CLANG_WARN_QUOTED_INCLUDE_IN_FRAMEWORK_HEADER = YES;
				CLANG_WARN_RANGE_LOOP_ANALYSIS = YES;
				CLANG_WARN_STRICT_PROTOTYPES = YES;
				CLANG_WARN_SUSPICIOUS_MOVE = YES;
				CLANG_WARN_UNGUARDED_AVAILABILITY = YES_AGGRESSIVE;
				CLANG_WARN_UNREACHABLE_CODE = YES;
				CLANG_WARN__DUPLICATE_METHOD_MATCH = YES;
				COPY_PHASE_STRIP = NO;
				DEBUG_INFORMATION_FORMAT = dwarf;
				ENABLE_STRICT_OBJC_MSGSEND = YES;
				ENABLE_TESTABILITY = YES;
				ENABLE_USER_SCRIPT_SANDBOXING = YES;
				GCC_C_LANGUAGE_STANDARD = gnu17;
				GCC_DYNAMIC_NO_PIC = NO;
				GCC_NO_COMMON_BLOCKS = YES;
				GCC_OPTIMIZATION_LEVEL = 0;
				GCC_PREPROCESSOR_DEFINITIONS = (
					"DEBUG=1",
					"$(inherited)",
				);
				GCC_WARN_64_TO_32_BIT_CONVERSION = YES;
				GCC_WARN_ABOUT_RETURN_TYPE = YES_ERROR;
				GCC_WARN_UNDECLARED_SELECTOR = YES;
				GCC_WARN_UNINITIALIZED_AUTOS = YES_AGGRESSIVE;
				GCC_WARN_UNUSED_FUNCTION = YES;
				GCC_WARN_UNUSED_VARIABLE = YES;
				IPHONEOS_DEPLOYMENT_TARGET = 17.5;
				LOCALIZATION_PREFERS_STRING_CATALOGS = YES;
				MTL_ENABLE_DEBUG_INFO = INCLUDE_SOURCE;
				MTL_FAST_MATH = YES;
				ONLY_ACTIVE_ARCH = YES;
				SDKROOT = iphoneos;
				SWIFT_ACTIVE_COMPILATION_CONDITIONS = "DEBUG $(inherited)";
				SWIFT_OPTIMIZATION_LEVEL = "-Onone";
			};
			name = Debug;
		};
		FBE0CB432D6F7B1C00FA5FAF /* Release */ = {
			isa = XCBuildConfiguration;
			buildSettings = {
				ALWAYS_SEARCH_USER_PATHS = NO;
				ASSETCATALOG_COMPILER_GENERATE_SWIFT_ASSET_SYMBOL_EXTENSIONS = YES;
				CLANG_ANALYZER_NONNULL = YES;
				CLANG_ANALYZER_NUMBER_OBJECT_CONVERSION = YES_AGGRESSIVE;
				CLANG_CXX_LANGUAGE_STANDARD = "gnu++20";
				CLANG_ENABLE_MODULES = YES;
				CLANG_ENABLE_OBJC_ARC = YES;
				CLANG_ENABLE_OBJC_WEAK = YES;
				CLANG_WARN_BLOCK_CAPTURE_AUTORELEASING = YES;
				CLANG_WARN_BOOL_CONVERSION = YES;
				CLANG_WARN_COMMA = YES;
				CLANG_WARN_CONSTANT_CONVERSION = YES;
				CLANG_WARN_DEPRECATED_OBJC_IMPLEMENTATIONS = YES;
				CLANG_WARN_DIRECT_OBJC_ISA_USAGE = YES_ERROR;
				CLANG_WARN_DOCUMENTATION_COMMENTS = YES;
				CLANG_WARN_EMPTY_BODY = YES;
				CLANG_WARN_ENUM_CONVERSION = YES;
				CLANG_WARN_INFINITE_RECURSION = YES;
				CLANG_WARN_INT_CONVERSION = YES;
				CLANG_WARN_NON_LITERAL_NULL_CONVERSION = YES;
				CLANG_WARN_OBJC_IMPLICIT_RETAIN_SELF = YES;
				CLANG_WARN_OBJC_LITERAL_CONVERSION = YES;
				CLANG_WARN_OBJC_ROOT_CLASS = YES_ERROR;
				CLANG_WARN_QUOTED_INCLUDE_IN_FRAMEWORK_HEADER = YES;
				CLANG_WARN_RANGE_LOOP_ANALYSIS = YES;
				CLANG_WARN_STRICT_PROTOTYPES = YES;
				CLANG_WARN_SUSPICIOUS_MOVE = YES;
				CLANG_WARN_UNGUARDED_AVAILABILITY = YES_AGGRESSIVE;
				CLANG_WARN_UNREACHABLE_CODE = YES;
				CLANG_WARN__DUPLICATE_METHOD_MATCH = YES;
				COPY_PHASE_STRIP = NO;
				DEBUG_INFORMATION_FORMAT = "dwarf-with-dsym";
				ENABLE_NS_ASSERTIONS = NO;
				ENABLE_STRICT_OBJC_MSGSEND = YES;
				ENABLE_USER_SCRIPT_SANDBOXING = YES;
				GCC_C_LANGUAGE_STANDARD = gnu17;
				GCC_NO_COMMON_BLOCKS = YES;
				GCC_WARN_64_TO_32_BIT_CONVERSION = YES;
				GCC_WARN_ABOUT_RETURN_TYPE = YES_ERROR;
				GCC_WARN_UNDECLARED_SELECTOR = YES;
				GCC_WARN_UNINITIALIZED_AUTOS = YES_AGGRESSIVE;
				GCC_WARN_UNUSED_FUNCTION = YES;
				GCC_WARN_UNUSED_VARIABLE = YES;
				IPHONEOS_DEPLOYMENT_TARGET = 17.5;
				LOCALIZATION_PREFERS_STRING_CATALOGS = YES;
				MTL_ENABLE_DEBUG_INFO = NO;
				MTL_FAST_MATH = YES;
				SDKROOT = iphoneos;
				SWIFT_COMPILATION_MODE = wholemodule;
				VALIDATE_PRODUCT = YES;
			};
			name = Release;
		};
		FBE0CB452D6F7B1C00FA5FAF /* Debug */ = {
			isa = XCBuildConfiguration;
			buildSettings = {
				ASSETCATALOG_COMPILER_APPICON_NAME = AppIcon;
				ASSETCATALOG_COMPILER_GLOBAL_ACCENT_COLOR_NAME = AccentColor;
				CODE_SIGN_STYLE = Automatic;
				CURRENT_PROJECT_VERSION = 1;
				DEVELOPMENT_ASSET_PATHS = "\"Agenda Shuffle/Preview Content\"";
				ENABLE_PREVIEWS = YES;
				GENERATE_INFOPLIST_FILE = YES;
				INFOPLIST_KEY_UIApplicationSceneManifest_Generation = YES;
				INFOPLIST_KEY_UIApplicationSupportsIndirectInputEvents = YES;
				INFOPLIST_KEY_UILaunchScreen_Generation = YES;
				INFOPLIST_KEY_UISupportedInterfaceOrientations_iPad = "UIInterfaceOrientationPortrait UIInterfaceOrientationPortraitUpsideDown UIInterfaceOrientationLandscapeLeft UIInterfaceOrientationLandscapeRight";
				INFOPLIST_KEY_UISupportedInterfaceOrientations_iPhone = "UIInterfaceOrientationPortrait UIInterfaceOrientationLandscapeLeft UIInterfaceOrientationLandscapeRight";
				LD_RUNPATH_SEARCH_PATHS = (
					"$(inherited)",
					"@executable_path/Frameworks",
				);
				MARKETING_VERSION = 1.0;
				PRODUCT_BUNDLE_IDENTIFIER = "mx.alumnos.uacj.Agenda-Shuffle";
				PRODUCT_NAME = "$(TARGET_NAME)";
				SWIFT_EMIT_LOC_STRINGS = YES;
				SWIFT_VERSION = 5.0;
				TARGETED_DEVICE_FAMILY = "1,2";
			};
			name = Debug;
		};
		FBE0CB462D6F7B1C00FA5FAF /* Release */ = {
			isa = XCBuildConfiguration;
			buildSettings = {
				ASSETCATALOG_COMPILER_APPICON_NAME = AppIcon;
				ASSETCATALOG_COMPILER_GLOBAL_ACCENT_COLOR_NAME = AccentColor;
				CODE_SIGN_STYLE = Automatic;
				CURRENT_PROJECT_VERSION = 1;
				DEVELOPMENT_ASSET_PATHS = "\"Agenda Shuffle/Preview Content\"";
				ENABLE_PREVIEWS = YES;
				GENERATE_INFOPLIST_FILE = YES;
				INFOPLIST_KEY_UIApplicationSceneManifest_Generation = YES;
				INFOPLIST_KEY_UIApplicationSupportsIndirectInputEvents = YES;
				INFOPLIST_KEY_UILaunchScreen_Generation = YES;
				INFOPLIST_KEY_UISupportedInterfaceOrientations_iPad = "UIInterfaceOrientationPortrait UIInterfaceOrientationPortraitUpsideDown UIInterfaceOrientationLandscapeLeft UIInterfaceOrientationLandscapeRight";
				INFOPLIST_KEY_UISupportedInterfaceOrientations_iPhone = "UIInterfaceOrientationPortrait UIInterfaceOrientationLandscapeLeft UIInterfaceOrientationLandscapeRight";
				LD_RUNPATH_SEARCH_PATHS = (
					"$(inherited)",
					"@executable_path/Frameworks",
				);
				MARKETING_VERSION = 1.0;
				PRODUCT_BUNDLE_IDENTIFIER = "mx.alumnos.uacj.Agenda-Shuffle";
				PRODUCT_NAME = "$(TARGET_NAME)";
				SWIFT_EMIT_LOC_STRINGS = YES;
				SWIFT_VERSION = 5.0;
				TARGETED_DEVICE_FAMILY = "1,2";
			};
			name = Release;
		};
		FBE0CB482D6F7B1C00FA5FAF /* Debug */ = {
			isa = XCBuildConfiguration;
			buildSettings = {
				ALWAYS_EMBED_SWIFT_STANDARD_LIBRARIES = YES;
				BUNDLE_LOADER = "$(TEST_HOST)";
				CODE_SIGN_STYLE = Automatic;
				CURRENT_PROJECT_VERSION = 1;
				GENERATE_INFOPLIST_FILE = YES;
				IPHONEOS_DEPLOYMENT_TARGET = 17.5;
				MARKETING_VERSION = 1.0;
				PRODUCT_BUNDLE_IDENTIFIER = "mx.alumnos.uacj.Agenda-ShuffleTests";
				PRODUCT_NAME = "$(TARGET_NAME)";
				SWIFT_EMIT_LOC_STRINGS = NO;
				SWIFT_VERSION = 5.0;
				TARGETED_DEVICE_FAMILY = "1,2";
				TEST_HOST = "$(BUILT_PRODUCTS_DIR)/Agenda Shuffle.app/$(BUNDLE_EXECUTABLE_FOLDER_PATH)/Agenda Shuffle";
			};
			name = Debug;
		};
		FBE0CB492D6F7B1C00FA5FAF /* Release */ = {
			isa = XCBuildConfiguration;
			buildSettings = {
				ALWAYS_EMBED_SWIFT_STANDARD_LIBRARIES = YES;
				BUNDLE_LOADER = "$(TEST_HOST)";
				CODE_SIGN_STYLE = Automatic;
				CURRENT_PROJECT_VERSION = 1;
				GENERATE_INFOPLIST_FILE = YES;
				IPHONEOS_DEPLOYMENT_TARGET = 17.5;
				MARKETING_VERSION = 1.0;
				PRODUCT_BUNDLE_IDENTIFIER = "mx.alumnos.uacj.Agenda-ShuffleTests";
				PRODUCT_NAME = "$(TARGET_NAME)";
				SWIFT_EMIT_LOC_STRINGS = NO;
				SWIFT_VERSION = 5.0;
				TARGETED_DEVICE_FAMILY = "1,2";
				TEST_HOST = "$(BUILT_PRODUCTS_DIR)/Agenda Shuffle.app/$(BUNDLE_EXECUTABLE_FOLDER_PATH)/Agenda Shuffle";
			};
			name = Release;
		};
		FBE0CB4B2D6F7B1C00FA5FAF /* Debug */ = {
			isa = XCBuildConfiguration;
			buildSettings = {
				ALWAYS_EMBED_SWIFT_STANDARD_LIBRARIES = YES;
				CODE_SIGN_STYLE = Automatic;
				CURRENT_PROJECT_VERSION = 1;
				GENERATE_INFOPLIST_FILE = YES;
				MARKETING_VERSION = 1.0;
				PRODUCT_BUNDLE_IDENTIFIER = "mx.alumnos.uacj.Agenda-ShuffleUITests";
				PRODUCT_NAME = "$(TARGET_NAME)";
				SWIFT_EMIT_LOC_STRINGS = NO;
				SWIFT_VERSION = 5.0;
				TARGETED_DEVICE_FAMILY = "1,2";
				TEST_TARGET_NAME = "Agenda Shuffle";
			};
			name = Debug;
		};
		FBE0CB4C2D6F7B1C00FA5FAF /* Release */ = {
			isa = XCBuildConfiguration;
			buildSettings = {
				ALWAYS_EMBED_SWIFT_STANDARD_LIBRARIES = YES;
				CODE_SIGN_STYLE = Automatic;
				CURRENT_PROJECT_VERSION = 1;
				GENERATE_INFOPLIST_FILE = YES;
				MARKETING_VERSION = 1.0;
				PRODUCT_BUNDLE_IDENTIFIER = "mx.alumnos.uacj.Agenda-ShuffleUITests";
				PRODUCT_NAME = "$(TARGET_NAME)";
				SWIFT_EMIT_LOC_STRINGS = NO;
				SWIFT_VERSION = 5.0;
				TARGETED_DEVICE_FAMILY = "1,2";
				TEST_TARGET_NAME = "Agenda Shuffle";
			};
			name = Release;
		};
/* End XCBuildConfiguration section */

/* Begin XCConfigurationList section */
		FBE0CB1B2D6F7B1B00FA5FAF /* Build configuration list for PBXProject "Agenda Shuffle" */ = {
			isa = XCConfigurationList;
			buildConfigurations = (
				FBE0CB422D6F7B1C00FA5FAF /* Debug */,
				FBE0CB432D6F7B1C00FA5FAF /* Release */,
			);
			defaultConfigurationIsVisible = 0;
			defaultConfigurationName = Release;
		};
		FBE0CB442D6F7B1C00FA5FAF /* Build configuration list for PBXNativeTarget "Agenda Shuffle" */ = {
			isa = XCConfigurationList;
			buildConfigurations = (
				FBE0CB452D6F7B1C00FA5FAF /* Debug */,
				FBE0CB462D6F7B1C00FA5FAF /* Release */,
			);
			defaultConfigurationIsVisible = 0;
			defaultConfigurationName = Release;
		};
		FBE0CB472D6F7B1C00FA5FAF /* Build configuration list for PBXNativeTarget "Agenda ShuffleTests" */ = {
			isa = XCConfigurationList;
			buildConfigurations = (
				FBE0CB482D6F7B1C00FA5FAF /* Debug */,
				FBE0CB492D6F7B1C00FA5FAF /* Release */,
			);
			defaultConfigurationIsVisible = 0;
			defaultConfigurationName = Release;
		};
		FBE0CB4A2D6F7B1C00FA5FAF /* Build configuration list for PBXNativeTarget "Agenda ShuffleUITests" */ = {
			isa = XCConfigurationList;
			buildConfigurations = (
				FBE0CB4B2D6F7B1C00FA5FAF /* Debug */,
				FBE0CB4C2D6F7B1C00FA5FAF /* Release */,
			);
			defaultConfigurationIsVisible = 0;
			defaultConfigurationName = Release;
		};
/* End XCConfigurationList section */
	};
	rootObject = FBE0CB182D6F7B1B00FA5FAF /* Project object */;
}
